
Microsoft Visual Studio Solution File, Format Version 12.00
# Visual Studio 15
VisualStudioVersion = 15.0.27130.2036
MinimumVisualStudioVersion = 10.0.40219.1
Project("{FAE04EC0-301F-11D3-BF4B-00C04F79EFBC}") = "WebTestResultsExtensions", "WebTestResultsExtensions2017\WebTestResultsExtensions.csproj", "{E82DB6AB-4F7A-4D33-BB4D-6F0DF4A89D59}"
EndProject
Project("{FAE04EC0-301F-11D3-BF4B-00C04F79EFBC}") = "CommonUserControl", "CommonUserControl\CommonUserControl.csproj", "{8C8F9C23-2BAF-4E76-A3D7-6AB339986E52}"
EndProject
Global
	GlobalSection(SolutionConfigurationPlatforms) = preSolution
		Debug|Any CPU = Debug|Any CPU
		Release|Any CPU = Release|Any CPU
	EndGlobalSection
	GlobalSection(ProjectConfigurationPlatforms) = postSolution
		{E82DB6AB-4F7A-4D33-BB4D-6F0DF4A89D59}.Debug|Any CPU.ActiveCfg = Debug|Any CPU
		{E82DB6AB-4F7A-4D33-BB4D-6F0DF4A89D59}.Debug|Any CPU.Build.0 = Debug|Any CPU
		{E82DB6AB-4F7A-4D33-BB4D-6F0DF4A89D59}.Release|Any CPU.ActiveCfg = Release|Any CPU
		{E82DB6AB-4F7A-4D33-BB4D-6F0DF4A89D59}.Release|Any CPU.Build.0 = Release|Any CPU
		{8C8F9C23-2BAF-4E76-A3D7-6AB339986E52}.Debug|Any CPU.ActiveCfg = Debug|Any CPU
		{8C8F9C23-2BAF-4E76-A3D7-6AB339986E52}.Debug|Any CPU.Build.0 = Debug|Any CPU
		{8C8F9C23-2BAF-4E76-A3D7-6AB339986E52}.Release|Any CPU.ActiveCfg = Release|Any CPU
		{8C8F9C23-2BAF-4E76-A3D7-6AB339986E52}.Release|Any CPU.Build.0 = Release|Any CPU
	EndGlobalSection
	GlobalSection(SolutionProperties) = preSolution
		HideSolutionNode = FALSE
	EndGlobalSection
	GlobalSection(ExtensibilityGlobals) = postSolution
		SolutionGuid = {1FFBC026-D9BC-4778-91C5-2FEB4A64B563}
	EndGlobalSection
EndGlobal
